
Microsoft Visual Studio Solution File, Format Version 12.00
# Visual Studio Version 17
VisualStudioVersion = 17.7.34031.279
MinimumVisualStudioVersion = 10.0.40219.1
Project("{FAE04EC0-301F-11D3-BF4B-00C04F79EFBC}") = "ConsoleApp10", "ConsoleApp10\ConsoleApp10.csproj", "{B1770F6F-B720-423C-9468-889CE4C1477D}"
EndProject
Global
	GlobalSection(SolutionConfigurationPlatforms) = preSolution
		Debug|Any CPU = Debug|Any CPU
		Release|Any CPU = Release|Any CPU
	EndGlobalSection
	GlobalSection(ProjectConfigurationPlatforms) = postSolution
		{B1770F6F-B720-423C-9468-889CE4C1477D}.Debug|Any CPU.ActiveCfg = Debug|Any CPU
		{B1770F6F-B720-423C-9468-889CE4C1477D}.Debug|Any CPU.Build.0 = Debug|Any CPU
		{B1770F6F-B720-423C-9468-889CE4C1477D}.Release|Any CPU.ActiveCfg = Release|Any CPU
		{B1770F6F-B720-423C-9468-889CE4C1477D}.Release|Any CPU.Build.0 = Release|Any CPU
	EndGlobalSection
	GlobalSection(SolutionProperties) = preSolution
		HideSolutionNode = FALSE
	EndGlobalSection
	GlobalSection(ExtensibilityGlobals) = postSolution
		SolutionGuid = {C78B3AC5-95EA-4376-B8A1-B65CE5B4B5A8}
	EndGlobalSection
EndGlobal
